
Microsoft Visual Studio Solution File, Format Version 12.00
# Visual Studio Version 16
VisualStudioVersion = 16.0.30114.105
MinimumVisualStudioVersion = 10.0.40219.1
Project("{FAE04EC0-301F-11D3-BF4B-00C04F79EFBC}") = "Mediapipe.Net", "Mediapipe.Net\Mediapipe.Net.csproj", "{A420A359-464F-47D2-B8D4-893C5A22301D}"
EndProject
Project("{FAE04EC0-301F-11D3-BF4B-00C04F79EFBC}") = "Mediapipe.Net.Tests", "Mediapipe.Net.Tests\Mediapipe.Net.Tests.csproj", "{3A992764-030D-4428-B2C2-F9A805E5B69A}"
EndProject
Project("{FAE04EC0-301F-11D3-BF4B-00C04F79EFBC}") = "Mediapipe.Net.Examples.FaceMesh", "Mediapipe.Net.Examples.FaceMesh\Mediapipe.Net.Examples.FaceMesh.csproj", "{DB2D5CF8-827D-4DCF-A5AF-0C920A8629D9}"
EndProject
Project("{FAE04EC0-301F-11D3-BF4B-00C04F79EFBC}") = "Mediapipe.Net.Examples.Hands", "Mediapipe.Net.Examples.Hands\Mediapipe.Net.Examples.Hands.csproj", "{E08C6A15-263B-4886-8DE4-265959501988}"
EndProject
Global
	GlobalSection(SolutionConfigurationPlatforms) = preSolution
		Debug|Any CPU = Debug|Any CPU
		Release|Any CPU = Release|Any CPU
	EndGlobalSection
	GlobalSection(SolutionProperties) = preSolution
		HideSolutionNode = FALSE
	EndGlobalSection
	GlobalSection(ProjectConfigurationPlatforms) = postSolution
		{A420A359-464F-47D2-B8D4-893C5A22301D}.Debug|Any CPU.ActiveCfg = Debug|Any CPU
		{A420A359-464F-47D2-B8D4-893C5A22301D}.Debug|Any CPU.Build.0 = Debug|Any CPU
		{A420A359-464F-47D2-B8D4-893C5A22301D}.Release|Any CPU.ActiveCfg = Release|Any CPU
		{A420A359-464F-47D2-B8D4-893C5A22301D}.Release|Any CPU.Build.0 = Release|Any CPU
		{3A992764-030D-4428-B2C2-F9A805E5B69A}.Debug|Any CPU.ActiveCfg = Debug|Any CPU
		{3A992764-030D-4428-B2C2-F9A805E5B69A}.Debug|Any CPU.Build.0 = Debug|Any CPU
		{3A992764-030D-4428-B2C2-F9A805E5B69A}.Release|Any CPU.ActiveCfg = Release|Any CPU
		{3A992764-030D-4428-B2C2-F9A805E5B69A}.Release|Any CPU.Build.0 = Release|Any CPU
		{DB2D5CF8-827D-4DCF-A5AF-0C920A8629D9}.Debug|Any CPU.ActiveCfg = Debug|Any CPU
		{DB2D5CF8-827D-4DCF-A5AF-0C920A8629D9}.Debug|Any CPU.Build.0 = Debug|Any CPU
		{DB2D5CF8-827D-4DCF-A5AF-0C920A8629D9}.Release|Any CPU.ActiveCfg = Release|Any CPU
		{DB2D5CF8-827D-4DCF-A5AF-0C920A8629D9}.Release|Any CPU.Build.0 = Release|Any CPU
		{E08C6A15-263B-4886-8DE4-265959501988}.Debug|Any CPU.ActiveCfg = Debug|Any CPU
		{E08C6A15-263B-4886-8DE4-265959501988}.Debug|Any CPU.Build.0 = Debug|Any CPU
		{E08C6A15-263B-4886-8DE4-265959501988}.Release|Any CPU.ActiveCfg = Release|Any CPU
		{E08C6A15-263B-4886-8DE4-265959501988}.Release|Any CPU.Build.0 = Release|Any CPU
	EndGlobalSection
EndGlobal
